{
  "nodes": {
    "nixos-stable": {
      "locked": {
        "lastModified": 1782651437,
        "narHash": "sha256-VLgXHqNV6b0Fb6f3GaJ1+T9LDWuHv8WFeA9bUpU+SwM=",
        "rev": "0a47451dbe2082a660b88a79a83efdc8d85de445",
        "type": "tarball",
        "url": "https://releases.nixos.org/nixos/25.11/nixos-25.11.12453.0a47451dbe20/nixexprs.tar.xz"
      },
      "original": {
        "type": "tarball",
        "url": "https://channels.nixos.org/nixos-25.11/nixexprs.tar.xz"
      }
    },
    "nixos-unstable-small": {
      "locked": {
        "lastModified": 1782817790,
        "narHash": "sha256-CM5wtZkbrSTgTZWzaxS6BUYCU2CMdFWGmiTbJTTC+Ts=",
        "rev": "180d7bfe54b45e024fc1f2e7505411a69b9d60bc",
        "type": "tarball",
        "url": "https://releases.nixos.org/nixos/unstable-small/nixos-26.11pre1025094.180d7bfe54b4/nixexprs.tar.xz"
      },
      "original": {
        "type": "tarball",
        "url": "https://channels.nixos.org/nixos-unstable-small/nixexprs.tar.xz"
      }
    },
    "root": {
      "inputs": {
        "nixos-stable": "nixos-stable",
        "nixos-unstable-small": "nixos-unstable-small",
        "treefmt-nix": "treefmt-nix"
      }
    },
    "treefmt-nix": {
      "inputs": {
        "nixpkgs": [
          "nixos-unstable-small"
        ]
      },
      "locked": {
        "lastModified": 1761311587,
        "narHash": "sha256-Msq86cR5SjozQGCnC6H8C+0cD4rnx91BPltZ9KK613Y=",
        "owner": "numtide",
        "repo": "treefmt-nix",
        "rev": "2eddae033e4e74bf581c2d1dfa101f9033dbd2dc",
        "type": "github"
      },
      "original": {
        "owner": "numtide",
        "repo": "treefmt-nix",
        "type": "github"
      }
    }
  },
  "root": "root",
  "version": 7
}
